
Microsoft Visual Studio Solution File, Format Version 12.00
# Visual Studio Version 17
VisualStudioVersion = 17.10.34916.146
MinimumVisualStudioVersion = 10.0.40219.1
Project("{9A19103F-16F7-4668-BE54-9A1E7A4F7556}") = "Movies", "Movies.csproj", "{458AC1D6-378E-498E-9E36-A1285DE71B55}"
EndProject
Global
	GlobalSection(SolutionConfigurationPlatforms) = preSolution
		Debug|Any CPU = Debug|Any CPU
		Release|Any CPU = Release|Any CPU
	EndGlobalSection
	GlobalSection(ProjectConfigurationPlatforms) = postSolution
		{458AC1D6-378E-498E-9E36-A1285DE71B55}.Debug|Any CPU.ActiveCfg = Debug|Any CPU
		{458AC1D6-378E-498E-9E36-A1285DE71B55}.Debug|Any CPU.Build.0 = Debug|Any CPU
		{458AC1D6-378E-498E-9E36-A1285DE71B55}.Release|Any CPU.ActiveCfg = Release|Any CPU
		{458AC1D6-378E-498E-9E36-A1285DE71B55}.Release|Any CPU.Build.0 = Release|Any CPU
	EndGlobalSection
	GlobalSection(SolutionProperties) = preSolution
		HideSolutionNode = FALSE
	EndGlobalSection
	GlobalSection(ExtensibilityGlobals) = postSolution
		SolutionGuid = {AE22B49F-2509-4C5C-9943-95C7C810D0A2}
	EndGlobalSection
EndGlobal
